// !$*UTF8*$!
{
	archiveVersion = 1;
	classes = {
	};
	objectVersion = 77;
	objects = {

/* Begin PBXBuildFile section */
		7A10000000000000000A0001 /* TalosApp.swift in Sources */ = {isa = PBXBuildFile; fileRef = 7A10000000000000000B0001 /* TalosApp.swift */; };
		7A10000000000000000A0002 /* TalosCore in Frameworks */ = {isa = PBXBuildFile; productRef = 7A10000000000000000E0001 /* TalosCore */; };
		7A10000000000000000A0005 /* TalosUI in Frameworks */ = {isa = PBXBuildFile; productRef = 7A1000000000000000170001 /* TalosUI */; };
		7A10000000000000000A0003 /* MinimumSupportedOSTests.swift in Sources */ = {isa = PBXBuildFile; fileRef = 7A10000000000000000B0005 /* MinimumSupportedOSTests.swift */; };
		7A10000000000000000A0004 /* TalosCore in Frameworks */ = {isa = PBXBuildFile; productRef = 7A10000000000000000E0002 /* TalosCore */; };
		7A20000000000000000A0001 /* TalosUITests.swift in Sources */ = {isa = PBXBuildFile; fileRef = 7A20000000000000000B0001 /* TalosUITests.swift */; };
/* End PBXBuildFile section */

/* Begin PBXContainerItemProxy section */
		7A2000000000000000130001 /* PBXContainerItemProxy */ = {
			isa = PBXContainerItemProxy;
			containerPortal = 7A1000000000000000130001 /* Project object */;
			proxyType = 1;
			remoteGlobalIDString = 7A10000000000000000F0001 /* Talos */;
			remoteInfo = Talos;
		};
/* End PBXContainerItemProxy section */

/* Begin PBXFileReference section */
		7A10000000000000000B0001 /* TalosApp.swift */ = {isa = PBXFileReference; lastKnownFileType = sourcecode.swift; path = TalosApp.swift; sourceTree = "<group>"; };
		7A10000000000000000B0002 /* Info.plist */ = {isa = PBXFileReference; lastKnownFileType = text.plist.xml; path = Info.plist; sourceTree = "<group>"; };
		7A10000000000000000B0003 /* Talos.entitlements */ = {isa = PBXFileReference; lastKnownFileType = text.plist.entitlements; path = Talos.entitlements; sourceTree = "<group>"; };
		7A10000000000000000B0004 /* Talos.app */ = {isa = PBXFileReference; explicitFileType = wrapper.application; includeInIndex = 0; path = Talos.app; sourceTree = BUILT_PRODUCTS_DIR; };
		7A10000000000000000B0005 /* MinimumSupportedOSTests.swift */ = {isa = PBXFileReference; lastKnownFileType = sourcecode.swift; name = MinimumSupportedOSTests.swift; path = Tests/TalosCoreTests/MinimumSupportedOSTests.swift; sourceTree = SOURCE_ROOT; };
		7A10000000000000000B0006 /* TalosCoreXcodeTests.xctest */ = {isa = PBXFileReference; explicitFileType = wrapper.cfbundle; includeInIndex = 0; path = TalosCoreXcodeTests.xctest; sourceTree = BUILT_PRODUCTS_DIR; };
		7A20000000000000000B0001 /* TalosUITests.swift */ = {isa = PBXFileReference; lastKnownFileType = sourcecode.swift; path = TalosUITests.swift; sourceTree = "<group>"; };
		7A20000000000000000B0002 /* TalosUITests.xctest */ = {isa = PBXFileReference; explicitFileType = wrapper.cfbundle; includeInIndex = 0; path = TalosUITests.xctest; sourceTree = BUILT_PRODUCTS_DIR; };
/* End PBXFileReference section */

/* Begin PBXFrameworksBuildPhase section */
		7A10000000000000000C0001 /* Frameworks */ = {
			isa = PBXFrameworksBuildPhase;
			buildActionMask = 2147483647;
			files = (
				7A10000000000000000A0002 /* TalosCore in Frameworks */,
				7A10000000000000000A0005 /* TalosUI in Frameworks */,
			);
			runOnlyForDeploymentPostprocessing = 0;
		};
		7A10000000000000000C0002 /* Frameworks */ = {
			isa = PBXFrameworksBuildPhase;
			buildActionMask = 2147483647;
			files = (
				7A10000000000000000A0004 /* TalosCore in Frameworks */,
			);
			runOnlyForDeploymentPostprocessing = 0;
		};
		7A2000000000000000C0001 /* Frameworks */ = {
			isa = PBXFrameworksBuildPhase;
			buildActionMask = 2147483647;
			files = (
			);
			runOnlyForDeploymentPostprocessing = 0;
		};
/* End PBXFrameworksBuildPhase section */

/* Begin PBXGroup section */
		7A10000000000000000D0001 = {
			isa = PBXGroup;
			children = (
				7A10000000000000000D0002 /* Talos */,
				7A10000000000000000D0004 /* Tests */,
				7A20000000000000000D0001 /* TalosUITests */,
				7A10000000000000000D0003 /* Products */,
			);
			sourceTree = "<group>";
		};
		7A20000000000000000D0001 /* TalosUITests */ = {
			isa = PBXGroup;
			children = (
				7A20000000000000000B0001 /* TalosUITests.swift */,
			);
			path = TalosUITests;
			sourceTree = "<group>";
		};
		7A10000000000000000D0004 /* Tests */ = {
			isa = PBXGroup;
			children = (
				7A10000000000000000B0005 /* MinimumSupportedOSTests.swift */,
			);
			name = Tests;
			sourceTree = "<group>";
		};
		7A10000000000000000D0002 /* Talos */ = {
			isa = PBXGroup;
			children = (
				7A10000000000000000B0001 /* TalosApp.swift */,
				7A10000000000000000B0002 /* Info.plist */,
				7A10000000000000000B0003 /* Talos.entitlements */,
			);
			path = Talos;
			sourceTree = "<group>";
		};
		7A10000000000000000D0003 /* Products */ = {
			isa = PBXGroup;
			children = (
				7A10000000000000000B0004 /* Talos.app */,
				7A10000000000000000B0006 /* TalosCoreXcodeTests.xctest */,
				7A20000000000000000B0002 /* TalosUITests.xctest */,
			);
			name = Products;
			sourceTree = "<group>";
		};
/* End PBXGroup section */

/* Begin PBXNativeTarget section */
		7A10000000000000000F0001 /* Talos */ = {
			isa = PBXNativeTarget;
			buildConfigurationList = 7A1000000000000000100002 /* Build configuration list for PBXNativeTarget "Talos" */;
			buildPhases = (
				7A1000000000000000110001 /* Sources */,
				7A10000000000000000C0001 /* Frameworks */,
				7A1000000000000000120001 /* Resources */,
			);
			buildRules = (
			);
			dependencies = (
			);
			name = Talos;
			packageProductDependencies = (
				7A10000000000000000E0001 /* TalosCore */,
				7A1000000000000000170001 /* TalosUI */,
			);
			productName = Talos;
			productReference = 7A10000000000000000B0004 /* Talos.app */;
			productType = "com.apple.product-type.application";
		};
		7A10000000000000000F0002 /* TalosCoreXcodeTests */ = {
			isa = PBXNativeTarget;
			buildConfigurationList = 7A1000000000000000100003 /* Build configuration list for PBXNativeTarget "TalosCoreXcodeTests" */;
			buildPhases = (
				7A1000000000000000110002 /* Sources */,
				7A10000000000000000C0002 /* Frameworks */,
			);
			buildRules = (
			);
			dependencies = (
			);
			name = TalosCoreXcodeTests;
			packageProductDependencies = (
				7A10000000000000000E0002 /* TalosCore */,
			);
			productName = TalosCoreXcodeTests;
			productReference = 7A10000000000000000B0006 /* TalosCoreXcodeTests.xctest */;
			productType = "com.apple.product-type.bundle.unit-test";
		};
		7A2000000000000000F0001 /* TalosUITests */ = {
			isa = PBXNativeTarget;
			buildConfigurationList = 7A2000000000000000100001 /* Build configuration list for PBXNativeTarget "TalosUITests" */;
			buildPhases = (
				7A2000000000000000110001 /* Sources */,
				7A2000000000000000C0001 /* Frameworks */,
			);
			buildRules = (
			);
			dependencies = (
				7A2000000000000000120001 /* PBXTargetDependency */,
			);
			name = TalosUITests;
			packageProductDependencies = (
			);
			productName = TalosUITests;
			productReference = 7A20000000000000000B0002 /* TalosUITests.xctest */;
			productType = "com.apple.product-type.bundle.ui-testing";
		};
/* End PBXNativeTarget section */

/* Begin PBXProject section */
		7A1000000000000000130001 /* Project object */ = {
			isa = PBXProject;
			attributes = {
				BuildIndependentTargetsInParallel = 1;
				LastSwiftUpdateCheck = 2660;
				LastUpgradeCheck = 2660;
				TargetAttributes = {
					7A10000000000000000F0001 = {
						CreatedOnToolsVersion = 26.0;
					};
					7A10000000000000000F0002 = {
						CreatedOnToolsVersion = 26.0;
					};
					7A2000000000000000F0001 = {
						CreatedOnToolsVersion = 26.0;
						TestTargetID = 7A10000000000000000F0001;
					};
				};
			};
			buildConfigurationList = 7A1000000000000000100001 /* Build configuration list for PBXProject "Talos" */;
			developmentRegion = en;
			hasScannedForEncodings = 0;
			knownRegions = (
				en,
				Base,
			);
			mainGroup = 7A10000000000000000D0001;
			minimizedProjectReferenceProxies = 1;
			packageReferences = (
				7A1000000000000000140001 /* XCLocalSwiftPackageReference "." */,
			);
			preferredProjectObjectVersion = 77;
			productRefGroup = 7A10000000000000000D0003 /* Products */;
			projectDirPath = "";
			projectRoot = "";
			targets = (
				7A10000000000000000F0001 /* Talos */,
				7A10000000000000000F0002 /* TalosCoreXcodeTests */,
				7A2000000000000000F0001 /* TalosUITests */,
			);
		};
/* End PBXProject section */

/* Begin PBXResourcesBuildPhase section */
		7A1000000000000000120001 /* Resources */ = {
			isa = PBXResourcesBuildPhase;
			buildActionMask = 2147483647;
			files = (
			);
			runOnlyForDeploymentPostprocessing = 0;
		};
/* End PBXResourcesBuildPhase section */

/* Begin PBXSourcesBuildPhase section */
		7A1000000000000000110001 /* Sources */ = {
			isa = PBXSourcesBuildPhase;
			buildActionMask = 2147483647;
			files = (
				7A10000000000000000A0001 /* TalosApp.swift in Sources */,
			);
			runOnlyForDeploymentPostprocessing = 0;
		};
		7A1000000000000000110002 /* Sources */ = {
			isa = PBXSourcesBuildPhase;
			buildActionMask = 2147483647;
			files = (
				7A10000000000000000A0003 /* MinimumSupportedOSTests.swift in Sources */,
			);
			runOnlyForDeploymentPostprocessing = 0;
		};
		7A2000000000000000110001 /* Sources */ = {
			isa = PBXSourcesBuildPhase;
			buildActionMask = 2147483647;
			files = (
				7A20000000000000000A0001 /* TalosUITests.swift in Sources */,
			);
			runOnlyForDeploymentPostprocessing = 0;
		};
/* End PBXSourcesBuildPhase section */

/* Begin PBXTargetDependency section */
		7A2000000000000000120001 /* PBXTargetDependency */ = {
			isa = PBXTargetDependency;
			target = 7A10000000000000000F0001 /* Talos */;
			targetProxy = 7A2000000000000000130001 /* PBXContainerItemProxy */;
		};
/* End PBXTargetDependency section */

/* Begin XCBuildConfiguration section */
		7A1000000000000000150001 /* Debug */ = {
			isa = XCBuildConfiguration;
			buildSettings = {
				ALWAYS_SEARCH_USER_PATHS = NO;
				ARCHS = arm64;
				ASSETCATALOG_COMPILER_GENERATE_SWIFT_ASSET_SYMBOL_EXTENSIONS = YES;
				CLANG_ANALYZER_NONNULL = YES;
				CLANG_ANALYZER_NUMBER_OBJECT_CONVERSION = YES_AGGRESSIVE;
				CLANG_ENABLE_MODULES = YES;
				CLANG_ENABLE_OBJC_ARC = YES;
				CLANG_ENABLE_OBJC_WEAK = YES;
				COPY_PHASE_STRIP = NO;
				DEBUG_INFORMATION_FORMAT = dwarf;
				ENABLE_STRICT_OBJC_MSGSEND = YES;
				ENABLE_TESTABILITY = YES;
				ENABLE_USER_SCRIPT_SANDBOXING = YES;
				GCC_C_LANGUAGE_STANDARD = gnu17;
				GCC_DYNAMIC_NO_PIC = NO;
				GCC_NO_COMMON_BLOCKS = YES;
				GCC_OPTIMIZATION_LEVEL = 0;
				GCC_PREPROCESSOR_DEFINITIONS = (
					"DEBUG=1",
					"$(inherited)",
				);
				GCC_TREAT_WARNINGS_AS_ERRORS = YES;
				LOCALIZATION_PREFERS_STRING_CATALOGS = YES;
				MACOSX_DEPLOYMENT_TARGET = 26.0;
				MTL_ENABLE_DEBUG_INFO = INCLUDE_SOURCE;
				MTL_FAST_MATH = YES;
				ONLY_ACTIVE_ARCH = YES;
				SDKROOT = macosx;
				SWIFT_ACTIVE_COMPILATION_CONDITIONS = "DEBUG $(inherited)";
				SWIFT_OPTIMIZATION_LEVEL = "-Onone";
				SWIFT_STRICT_CONCURRENCY = complete;
				SWIFT_TREAT_WARNINGS_AS_ERRORS = YES;
				SWIFT_VERSION = 6.0;
			};
			name = Debug;
		};
		7A1000000000000000150002 /* Release */ = {
			isa = XCBuildConfiguration;
			buildSettings = {
				ALWAYS_SEARCH_USER_PATHS = NO;
				ARCHS = arm64;
				ASSETCATALOG_COMPILER_GENERATE_SWIFT_ASSET_SYMBOL_EXTENSIONS = YES;
				CLANG_ANALYZER_NONNULL = YES;
				CLANG_ANALYZER_NUMBER_OBJECT_CONVERSION = YES_AGGRESSIVE;
				CLANG_ENABLE_MODULES = YES;
				CLANG_ENABLE_OBJC_ARC = YES;
				CLANG_ENABLE_OBJC_WEAK = YES;
				COPY_PHASE_STRIP = NO;
				DEBUG_INFORMATION_FORMAT = "dwarf-with-dsym";
				ENABLE_NS_ASSERTIONS = NO;
				ENABLE_STRICT_OBJC_MSGSEND = YES;
				ENABLE_USER_SCRIPT_SANDBOXING = YES;
				GCC_C_LANGUAGE_STANDARD = gnu17;
				GCC_NO_COMMON_BLOCKS = YES;
				GCC_TREAT_WARNINGS_AS_ERRORS = YES;
				LOCALIZATION_PREFERS_STRING_CATALOGS = YES;
				MACOSX_DEPLOYMENT_TARGET = 26.0;
				MTL_ENABLE_DEBUG_INFO = NO;
				MTL_FAST_MATH = YES;
				SDKROOT = macosx;
				SWIFT_COMPILATION_MODE = wholemodule;
				SWIFT_STRICT_CONCURRENCY = complete;
				SWIFT_TREAT_WARNINGS_AS_ERRORS = YES;
				SWIFT_VERSION = 6.0;
				VALIDATE_PRODUCT = YES;
			};
			name = Release;
		};
		7A1000000000000000150003 /* Debug */ = {
			isa = XCBuildConfiguration;
			buildSettings = {
				CODE_SIGN_ENTITLEMENTS = Talos/Talos.entitlements;
				CODE_SIGN_STYLE = Automatic;
				COMBINE_HIDPI_IMAGES = YES;
				CURRENT_PROJECT_VERSION = 1;
				ENABLE_APP_SANDBOX = NO;
				ENABLE_HARDENED_RUNTIME = YES;
				GENERATE_INFOPLIST_FILE = NO;
				INFOPLIST_FILE = Talos/Info.plist;
				LD_RUNPATH_SEARCH_PATHS = (
					"$(inherited)",
					"@executable_path/../Frameworks",
				);
				MARKETING_VERSION = 0.1.0;
				PRODUCT_BUNDLE_IDENTIFIER = com.calixtothebughunter.talos;
				PRODUCT_NAME = "$(TARGET_NAME)";
				SWIFT_EMIT_LOC_STRINGS = YES;
			};
			name = Debug;
		};
		7A1000000000000000150004 /* Release */ = {
			isa = XCBuildConfiguration;
			buildSettings = {
				CODE_SIGN_ENTITLEMENTS = Talos/Talos.entitlements;
				CODE_SIGN_STYLE = Automatic;
				COMBINE_HIDPI_IMAGES = YES;
				CURRENT_PROJECT_VERSION = 1;
				ENABLE_APP_SANDBOX = NO;
				ENABLE_HARDENED_RUNTIME = YES;
				GENERATE_INFOPLIST_FILE = NO;
				INFOPLIST_FILE = Talos/Info.plist;
				LD_RUNPATH_SEARCH_PATHS = (
					"$(inherited)",
					"@executable_path/../Frameworks",
				);
				MARKETING_VERSION = 0.1.0;
				PRODUCT_BUNDLE_IDENTIFIER = com.calixtothebughunter.talos;
				PRODUCT_NAME = "$(TARGET_NAME)";
				SWIFT_EMIT_LOC_STRINGS = YES;
			};
			name = Release;
		};
		7A1000000000000000150005 /* Debug */ = {
			isa = XCBuildConfiguration;
			buildSettings = {
				BUNDLE_LOADER = "";
				CODE_SIGN_STYLE = Automatic;
				CURRENT_PROJECT_VERSION = 1;
				GENERATE_INFOPLIST_FILE = YES;
				MARKETING_VERSION = 0.1.0;
				PRODUCT_BUNDLE_IDENTIFIER = com.calixtothebughunter.talos.TalosCoreXcodeTests;
				PRODUCT_NAME = "$(TARGET_NAME)";
				SWIFT_EMIT_LOC_STRINGS = NO;
			};
			name = Debug;
		};
		7A1000000000000000150006 /* Release */ = {
			isa = XCBuildConfiguration;
			buildSettings = {
				BUNDLE_LOADER = "";
				CODE_SIGN_STYLE = Automatic;
				CURRENT_PROJECT_VERSION = 1;
				GENERATE_INFOPLIST_FILE = YES;
				MARKETING_VERSION = 0.1.0;
				PRODUCT_BUNDLE_IDENTIFIER = com.calixtothebughunter.talos.TalosCoreXcodeTests;
				PRODUCT_NAME = "$(TARGET_NAME)";
				SWIFT_EMIT_LOC_STRINGS = NO;
			};
			name = Release;
		};
		7A2000000000000000150001 /* Debug */ = {
			isa = XCBuildConfiguration;
			buildSettings = {
				CODE_SIGN_STYLE = Automatic;
				CURRENT_PROJECT_VERSION = 1;
				GENERATE_INFOPLIST_FILE = YES;
				MARKETING_VERSION = 0.1.0;
				PRODUCT_BUNDLE_IDENTIFIER = com.calixtothebughunter.talos.TalosUITests;
				PRODUCT_NAME = "$(TARGET_NAME)";
				SWIFT_EMIT_LOC_STRINGS = NO;
				TEST_TARGET_NAME = Talos;
			};
			name = Debug;
		};
		7A2000000000000000150002 /* Release */ = {
			isa = XCBuildConfiguration;
			buildSettings = {
				CODE_SIGN_STYLE = Automatic;
				CURRENT_PROJECT_VERSION = 1;
				GENERATE_INFOPLIST_FILE = YES;
				MARKETING_VERSION = 0.1.0;
				PRODUCT_BUNDLE_IDENTIFIER = com.calixtothebughunter.talos.TalosUITests;
				PRODUCT_NAME = "$(TARGET_NAME)";
				SWIFT_EMIT_LOC_STRINGS = NO;
				TEST_TARGET_NAME = Talos;
			};
			name = Release;
		};
/* End XCBuildConfiguration section */

/* Begin XCConfigurationList section */
		7A1000000000000000100001 /* Build configuration list for PBXProject "Talos" */ = {
			isa = XCConfigurationList;
			buildConfigurations = (
				7A1000000000000000150001 /* Debug */,
				7A1000000000000000150002 /* Release */,
			);
			defaultConfigurationIsVisible = 0;
			defaultConfigurationName = Release;
		};
		7A1000000000000000100002 /* Build configuration list for PBXNativeTarget "Talos" */ = {
			isa = XCConfigurationList;
			buildConfigurations = (
				7A1000000000000000150003 /* Debug */,
				7A1000000000000000150004 /* Release */,
			);
			defaultConfigurationIsVisible = 0;
			defaultConfigurationName = Release;
		};
		7A1000000000000000100003 /* Build configuration list for PBXNativeTarget "TalosCoreXcodeTests" */ = {
			isa = XCConfigurationList;
			buildConfigurations = (
				7A1000000000000000150005 /* Debug */,
				7A1000000000000000150006 /* Release */,
			);
			defaultConfigurationIsVisible = 0;
			defaultConfigurationName = Release;
		};
		7A2000000000000000100001 /* Build configuration list for PBXNativeTarget "TalosUITests" */ = {
			isa = XCConfigurationList;
			buildConfigurations = (
				7A2000000000000000150001 /* Debug */,
				7A2000000000000000150002 /* Release */,
			);
			defaultConfigurationIsVisible = 0;
			defaultConfigurationName = Release;
		};
/* End XCConfigurationList section */

/* Begin XCLocalSwiftPackageReference section */
		7A1000000000000000140001 /* XCLocalSwiftPackageReference "." */ = {
			isa = XCLocalSwiftPackageReference;
			relativePath = .;
		};
/* End XCLocalSwiftPackageReference section */

/* Begin XCSwiftPackageProductDependency section */
		7A10000000000000000E0001 /* TalosCore */ = {
			isa = XCSwiftPackageProductDependency;
			productName = TalosCore;
		};
		7A10000000000000000E0002 /* TalosCore */ = {
			isa = XCSwiftPackageProductDependency;
			productName = TalosCore;
		};
		7A1000000000000000170001 /* TalosUI */ = {
			isa = XCSwiftPackageProductDependency;
			productName = TalosUI;
		};
/* End XCSwiftPackageProductDependency section */
	};
	rootObject = 7A1000000000000000130001 /* Project object */;
}
